// !$*UTF8*$!
{
	archiveVersion = 1;
	classes = {
	};
	objectVersion = 56;
	objects = {

/* Begin PBXBuildFile section */
		A06B589F29BA34C000932F2F /* WeSplitApp.swift in Sources */ = {isa = PBXBuildFile; fileRef = A06B589E29BA34C000932F2F /* WeSplitApp.swift */; };
		A06B58A129BA34C000932F2F /* ContentView.swift in Sources */ = {isa = PBXBuildFile; fileRef = A06B58A029BA34C000932F2F /* ContentView.swift */; };
		A06B58A329BA34C100932F2F /* Assets.xcassets in Resources */ = {isa = PBXBuildFile; fileRef = A06B58A229BA34C100932F2F /* Assets.xcassets */; };
		A06B58A729BA34C100932F2F /* Preview Assets.xcassets in Resources */ = {isa = PBXBuildFile; fileRef = A06B58A629BA34C100932F2F /* Preview Assets.xcassets */; };
		A06B58AE29BB4BEF00932F2F /* GuesstheFlag.swift in Sources */ = {isa = PBXBuildFile; fileRef = A06B58AD29BB4BEF00932F2F /* GuesstheFlag.swift */; };
		A08C9C3C29BBB00200A54AEB /* ViewsAndModifiers.swift in Sources */ = {isa = PBXBuildFile; fileRef = A08C9C3B29BBB00200A54AEB /* ViewsAndModifiers.swift */; };
		A08C9C3E29BCA53200A54AEB /* Gestures.swift in Sources */ = {isa = PBXBuildFile; fileRef = A08C9C3D29BCA53200A54AEB /* Gestures.swift */; };
		A08C9C4029BCDD2A00A54AEB /* Controls.swift in Sources */ = {isa = PBXBuildFile; fileRef = A08C9C3F29BCDD2A00A54AEB /* Controls.swift */; };
		A08C9C4229BCFDAD00A54AEB /* Navigation.swift in Sources */ = {isa = PBXBuildFile; fileRef = A08C9C4129BCFDAD00A54AEB /* Navigation.swift */; };
		A08C9C4629BD2F8D00A54AEB /* Lists.swift in Sources */ = {isa = PBXBuildFile; fileRef = A08C9C4529BD2F8D00A54AEB /* Lists.swift */; };
/* End PBXBuildFile section */

/* Begin PBXFileReference section */
		A06B589B29BA34C000932F2F /* WeSplit.app */ = {isa = PBXFileReference; explicitFileType = wrapper.application; includeInIndex = 0; path = WeSplit.app; sourceTree = BUILT_PRODUCTS_DIR; };
		A06B589E29BA34C000932F2F /* WeSplitApp.swift */ = {isa = PBXFileReference; lastKnownFileType = sourcecode.swift; path = WeSplitApp.swift; sourceTree = "<group>"; };
		A06B58A029BA34C000932F2F /* ContentView.swift */ = {isa = PBXFileReference; lastKnownFileType = sourcecode.swift; path = ContentView.swift; sourceTree = "<group>"; };
		A06B58A229BA34C100932F2F /* Assets.xcassets */ = {isa = PBXFileReference; lastKnownFileType = folder.assetcatalog; path = Assets.xcassets; sourceTree = "<group>"; };
		A06B58A429BA34C100932F2F /* WeSplit.entitlements */ = {isa = PBXFileReference; lastKnownFileType = text.plist.entitlements; path = WeSplit.entitlements; sourceTree = "<group>"; };
		A06B58A629BA34C100932F2F /* Preview Assets.xcassets */ = {isa = PBXFileReference; lastKnownFileType = folder.assetcatalog; path = "Preview Assets.xcassets"; sourceTree = "<group>"; };
		A06B58AD29BB4BEF00932F2F /* GuesstheFlag.swift */ = {isa = PBXFileReference; lastKnownFileType = sourcecode.swift; path = GuesstheFlag.swift; sourceTree = "<group>"; };
		A08C9C3B29BBB00200A54AEB /* ViewsAndModifiers.swift */ = {isa = PBXFileReference; lastKnownFileType = sourcecode.swift; path = ViewsAndModifiers.swift; sourceTree = "<group>"; };
		A08C9C3D29BCA53200A54AEB /* Gestures.swift */ = {isa = PBXFileReference; lastKnownFileType = sourcecode.swift; path = Gestures.swift; sourceTree = "<group>"; };
		A08C9C3F29BCDD2A00A54AEB /* Controls.swift */ = {isa = PBXFileReference; lastKnownFileType = sourcecode.swift; path = Controls.swift; sourceTree = "<group>"; };
		A08C9C4129BCFDAD00A54AEB /* Navigation.swift */ = {isa = PBXFileReference; lastKnownFileType = sourcecode.swift; path = Navigation.swift; sourceTree = "<group>"; };
		A08C9C4529BD2F8D00A54AEB /* Lists.swift */ = {isa = PBXFileReference; lastKnownFileType = sourcecode.swift; path = Lists.swift; sourceTree = "<group>"; };
/* End PBXFileReference section */

/* Begin PBXFrameworksBuildPhase section */
		A06B589829BA34C000932F2F /* Frameworks */ = {
			isa = PBXFrameworksBuildPhase;
			buildActionMask = 2147483647;
			files = (
			);
			runOnlyForDeploymentPostprocessing = 0;
		};
/* End PBXFrameworksBuildPhase section */

/* Begin PBXGroup section */
		A06B589229BA34C000932F2F = {
			isa = PBXGroup;
			children = (
				A06B589D29BA34C000932F2F /* WeSplit */,
				A06B589C29BA34C000932F2F /* Products */,
			);
			sourceTree = "<group>";
		};
		A06B589C29BA34C000932F2F /* Products */ = {
			isa = PBXGroup;
			children = (
				A06B589B29BA34C000932F2F /* WeSplit.app */,
			);
			name = Products;
			sourceTree = "<group>";
		};
		A06B589D29BA34C000932F2F /* WeSplit */ = {
			isa = PBXGroup;
			children = (
				A06B589E29BA34C000932F2F /* WeSplitApp.swift */,
				A08C9C4529BD2F8D00A54AEB /* Lists.swift */,
				A08C9C4129BCFDAD00A54AEB /* Navigation.swift */,
				A08C9C3F29BCDD2A00A54AEB /* Controls.swift */,
				A08C9C3D29BCA53200A54AEB /* Gestures.swift */,
				A06B58A029BA34C000932F2F /* ContentView.swift */,
				A06B58AD29BB4BEF00932F2F /* GuesstheFlag.swift */,
				A08C9C3B29BBB00200A54AEB /* ViewsAndModifiers.swift */,
				A06B58A229BA34C100932F2F /* Assets.xcassets */,
				A06B58A429BA34C100932F2F /* WeSplit.entitlements */,
				A06B58A529BA34C100932F2F /* Preview Content */,
			);
			path = WeSplit;
			sourceTree = "<group>";
		};
		A06B58A529BA34C100932F2F /* Preview Content */ = {
			isa = PBXGroup;
			children = (
				A06B58A629BA34C100932F2F /* Preview Assets.xcassets */,
			);
			path = "Preview Content";
			sourceTree = "<group>";
		};
/* End PBXGroup section */

/* Begin PBXNativeTarget section */
		A06B589A29BA34C000932F2F /* WeSplit */ = {
			isa = PBXNativeTarget;
			buildConfigurationList = A06B58AA29BA34C100932F2F /* Build configuration list for PBXNativeTarget "WeSplit" */;
			buildPhases = (
				A06B589729BA34C000932F2F /* Sources */,
				A06B589829BA34C000932F2F /* Frameworks */,
				A06B589929BA34C000932F2F /* Resources */,
			);
			buildRules = (
			);
			dependencies = (
			);
			name = WeSplit;
			productName = WeSplit;
			productReference = A06B589B29BA34C000932F2F /* WeSplit.app */;
			productType = "com.apple.product-type.application";
		};
/* End PBXNativeTarget section */

/* Begin PBXProject section */
		A06B589329BA34C000932F2F /* Project object */ = {
			isa = PBXProject;
			attributes = {
				BuildIndependentTargetsInParallel = 1;
				LastSwiftUpdateCheck = 1420;
				LastUpgradeCheck = 1420;
				TargetAttributes = {
					A06B589A29BA34C000932F2F = {
						CreatedOnToolsVersion = 14.2;
					};
				};
			};
			buildConfigurationList = A06B589629BA34C000932F2F /* Build configuration list for PBXProject "WeSplit" */;
			compatibilityVersion = "Xcode 14.0";
			developmentRegion = en;
			hasScannedForEncodings = 0;
			knownRegions = (
				en,
				Base,
			);
			mainGroup = A06B589229BA34C000932F2F;
			productRefGroup = A06B589C29BA34C000932F2F /* Products */;
			projectDirPath = "";
			projectRoot = "";
			targets = (
				A06B589A29BA34C000932F2F /* WeSplit */,
			);
		};
/* End PBXProject section */

/* Begin PBXResourcesBuildPhase section */
		A06B589929BA34C000932F2F /* Resources */ = {
			isa = PBXResourcesBuildPhase;
			buildActionMask = 2147483647;
			files = (
				A06B58A729BA34C100932F2F /* Preview Assets.xcassets in Resources */,
				A06B58A329BA34C100932F2F /* Assets.xcassets in Resources */,
			);
			runOnlyForDeploymentPostprocessing = 0;
		};
/* End PBXResourcesBuildPhase section */

/* Begin PBXSourcesBuildPhase section */
		A06B589729BA34C000932F2F /* Sources */ = {
			isa = PBXSourcesBuildPhase;
			buildActionMask = 2147483647;
			files = (
				A06B58A129BA34C000932F2F /* ContentView.swift in Sources */,
				A08C9C4029BCDD2A00A54AEB /* Controls.swift in Sources */,
				A08C9C4229BCFDAD00A54AEB /* Navigation.swift in Sources */,
				A08C9C3C29BBB00200A54AEB /* ViewsAndModifiers.swift in Sources */,
				A08C9C3E29BCA53200A54AEB /* Gestures.swift in Sources */,
				A08C9C4629BD2F8D00A54AEB /* Lists.swift in Sources */,
				A06B589F29BA34C000932F2F /* WeSplitApp.swift in Sources */,
				A06B58AE29BB4BEF00932F2F /* GuesstheFlag.swift in Sources */,
			);
			runOnlyForDeploymentPostprocessing = 0;
		};
/* End PBXSourcesBuildPhase section */

/* Begin XCBuildConfiguration section */
		A06B58A829BA34C100932F2F /* Debug */ = {
			isa = XCBuildConfiguration;
			buildSettings = {
				ALWAYS_SEARCH_USER_PATHS = NO;
				CLANG_ANALYZER_NONNULL = YES;
				CLANG_ANALYZER_NUMBER_OBJECT_CONVERSION = YES_AGGRESSIVE;
				CLANG_CXX_LANGUAGE_STANDARD = "gnu++20";
				CLANG_ENABLE_MODULES = YES;
				CLANG_ENABLE_OBJC_ARC = YES;
				CLANG_ENABLE_OBJC_WEAK = YES;
				CLANG_WARN_BLOCK_CAPTURE_AUTORELEASING = YES;
				CLANG_WARN_BOOL_CONVERSION = YES;
				CLANG_WARN_COMMA = YES;
				CLANG_WARN_CONSTANT_CONVERSION = YES;
				CLANG_WARN_DEPRECATED_OBJC_IMPLEMENTATIONS = YES;
				CLANG_WARN_DIRECT_OBJC_ISA_USAGE = YES_ERROR;
				CLANG_WARN_DOCUMENTATION_COMMENTS = YES;
				CLANG_WARN_EMPTY_BODY = YES;
				CLANG_WARN_ENUM_CONVERSION = YES;
				CLANG_WARN_INFINITE_RECURSION = YES;
				CLANG_WARN_INT_CONVERSION = YES;
				CLANG_WARN_NON_LITERAL_NULL_CONVERSION = YES;
				CLANG_WARN_OBJC_IMPLICIT_RETAIN_SELF = YES;
				CLANG_WARN_OBJC_LITERAL_CONVERSION = YES;
				CLANG_WARN_OBJC_ROOT_CLASS = YES_ERROR;
				CLANG_WARN_QUOTED_INCLUDE_IN_FRAMEWORK_HEADER = YES;
				CLANG_WARN_RANGE_LOOP_ANALYSIS = YES;
				CLANG_WARN_STRICT_PROTOTYPES = YES;
				CLANG_WARN_SUSPICIOUS_MOVE = YES;
				CLANG_WARN_UNGUARDED_AVAILABILITY = YES_AGGRESSIVE;
				CLANG_WARN_UNREACHABLE_CODE = YES;
				CLANG_WARN__DUPLICATE_METHOD_MATCH = YES;
				COPY_PHASE_STRIP = NO;
				DEBUG_INFORMATION_FORMAT = dwarf;
				ENABLE_STRICT_OBJC_MSGSEND = YES;
				ENABLE_TESTABILITY = YES;
				GCC_C_LANGUAGE_STANDARD = gnu11;
				GCC_DYNAMIC_NO_PIC = NO;
				GCC_NO_COMMON_BLOCKS = YES;
				GCC_OPTIMIZATION_LEVEL = 0;
				GCC_PREPROCESSOR_DEFINITIONS = (
					"DEBUG=1",
					"$(inherited)",
				);
				GCC_WARN_64_TO_32_BIT_CONVERSION = YES;
				GCC_WARN_ABOUT_RETURN_TYPE = YES_ERROR;
				GCC_WARN_UNDECLARED_SELECTOR = YES;
				GCC_WARN_UNINITIALIZED_AUTOS = YES_AGGRESSIVE;
				GCC_WARN_UNUSED_FUNCTION = YES;
				GCC_WARN_UNUSED_VARIABLE = YES;
				MTL_ENABLE_DEBUG_INFO = INCLUDE_SOURCE;
				MTL_FAST_MATH = YES;
				ONLY_ACTIVE_ARCH = YES;
				SWIFT_ACTIVE_COMPILATION_CONDITIONS = DEBUG;
				SWIFT_OPTIMIZATION_LEVEL = "-Onone";
			};
			name = Debug;
		};
		A06B58A929BA34C100932F2F /* Release */ = {
			isa = XCBuildConfiguration;
			buildSettings = {
				ALWAYS_SEARCH_USER_PATHS = NO;
				CLANG_ANALYZER_NONNULL = YES;
				CLANG_ANALYZER_NUMBER_OBJECT_CONVERSION = YES_AGGRESSIVE;
				CLANG_CXX_LANGUAGE_STANDARD = "gnu++20";
				CLANG_ENABLE_MODULES = YES;
				CLANG_ENABLE_OBJC_ARC = YES;
				CLANG_ENABLE_OBJC_WEAK = YES;
				CLANG_WARN_BLOCK_CAPTURE_AUTORELEASING = YES;
				CLANG_WARN_BOOL_CONVERSION = YES;
				CLANG_WARN_COMMA = YES;
				CLANG_WARN_CONSTANT_CONVERSION = YES;
				CLANG_WARN_DEPRECATED_OBJC_IMPLEMENTATIONS = YES;
				CLANG_WARN_DIRECT_OBJC_ISA_USAGE = YES_ERROR;
				CLANG_WARN_DOCUMENTATION_COMMENTS = YES;
				CLANG_WARN_EMPTY_BODY = YES;
				CLANG_WARN_ENUM_CONVERSION = YES;
				CLANG_WARN_INFINITE_RECURSION = YES;
				CLANG_WARN_INT_CONVERSION = YES;
				CLANG_WARN_NON_LITERAL_NULL_CONVERSION = YES;
				CLANG_WARN_OBJC_IMPLICIT_RETAIN_SELF = YES;
				CLANG_WARN_OBJC_LITERAL_CONVERSION = YES;
				CLANG_WARN_OBJC_ROOT_CLASS = YES_ERROR;
				CLANG_WARN_QUOTED_INCLUDE_IN_FRAMEWORK_HEADER = YES;
				CLANG_WARN_RANGE_LOOP_ANALYSIS = YES;
				CLANG_WARN_STRICT_PROTOTYPES = YES;
				CLANG_WARN_SUSPICIOUS_MOVE = YES;
				CLANG_WARN_UNGUARDED_AVAILABILITY = YES_AGGRESSIVE;
				CLANG_WARN_UNREACHABLE_CODE = YES;
				CLANG_WARN__DUPLICATE_METHOD_MATCH = YES;
				COPY_PHASE_STRIP = NO;
				DEBUG_INFORMATION_FORMAT = "dwarf-with-dsym";
				ENABLE_NS_ASSERTIONS = NO;
				ENABLE_STRICT_OBJC_MSGSEND = YES;
				GCC_C_LANGUAGE_STANDARD = gnu11;
				GCC_NO_COMMON_BLOCKS = YES;
				GCC_WARN_64_TO_32_BIT_CONVERSION = YES;
				GCC_WARN_ABOUT_RETURN_TYPE = YES_ERROR;
				GCC_WARN_UNDECLARED_SELECTOR = YES;
				GCC_WARN_UNINITIALIZED_AUTOS = YES_AGGRESSIVE;
				GCC_WARN_UNUSED_FUNCTION = YES;
				GCC_WARN_UNUSED_VARIABLE = YES;
				MTL_ENABLE_DEBUG_INFO = NO;
				MTL_FAST_MATH = YES;
				SWIFT_COMPILATION_MODE = wholemodule;
				SWIFT_OPTIMIZATION_LEVEL = "-O";
			};
			name = Release;
		};
		A06B58AB29BA34C100932F2F /* Debug */ = {
			isa = XCBuildConfiguration;
			buildSettings = {
				ASSETCATALOG_COMPILER_APPICON_NAME = AppIcon;
				ASSETCATALOG_COMPILER_GLOBAL_ACCENT_COLOR_NAME = AccentColor;
				CODE_SIGN_ENTITLEMENTS = WeSplit/WeSplit.entitlements;
				CODE_SIGN_STYLE = Automatic;
				CURRENT_PROJECT_VERSION = 1;
				DEVELOPMENT_ASSET_PATHS = "\"WeSplit/Preview Content\"";
				DEVELOPMENT_TEAM = XTYT46W6B7;
				ENABLE_HARDENED_RUNTIME = YES;
				ENABLE_PREVIEWS = YES;
				GENERATE_INFOPLIST_FILE = YES;
				"INFOPLIST_KEY_UIApplicationSceneManifest_Generation[sdk=iphoneos*]" = YES;
				"INFOPLIST_KEY_UIApplicationSceneManifest_Generation[sdk=iphonesimulator*]" = YES;
				"INFOPLIST_KEY_UIApplicationSupportsIndirectInputEvents[sdk=iphoneos*]" = YES;
				"INFOPLIST_KEY_UIApplicationSupportsIndirectInputEvents[sdk=iphonesimulator*]" = YES;
				"INFOPLIST_KEY_UILaunchScreen_Generation[sdk=iphoneos*]" = YES;
				"INFOPLIST_KEY_UILaunchScreen_Generation[sdk=iphonesimulator*]" = YES;
				"INFOPLIST_KEY_UIStatusBarStyle[sdk=iphoneos*]" = UIStatusBarStyleDefault;
				"INFOPLIST_KEY_UIStatusBarStyle[sdk=iphonesimulator*]" = UIStatusBarStyleDefault;
				INFOPLIST_KEY_UISupportedInterfaceOrientations_iPad = "UIInterfaceOrientationPortrait UIInterfaceOrientationPortraitUpsideDown UIInterfaceOrientationLandscapeLeft UIInterfaceOrientationLandscapeRight";
				INFOPLIST_KEY_UISupportedInterfaceOrientations_iPhone = "UIInterfaceOrientationPortrait UIInterfaceOrientationLandscapeLeft UIInterfaceOrientationLandscapeRight";
				IPHONEOS_DEPLOYMENT_TARGET = 16.2;
				LD_RUNPATH_SEARCH_PATHS = "@executable_path/Frameworks";
				"LD_RUNPATH_SEARCH_PATHS[sdk=macosx*]" = "@executable_path/../Frameworks";
				MACOSX_DEPLOYMENT_TARGET = 13.1;
				MARKETING_VERSION = 1.0;
				PRODUCT_BUNDLE_IDENTIFIER = com.example.WeSplit;
				PRODUCT_NAME = "$(TARGET_NAME)";
				SDKROOT = auto;
				SUPPORTED_PLATFORMS = "iphoneos iphonesimulator macosx";
				SWIFT_EMIT_LOC_STRINGS = YES;
				SWIFT_VERSION = 5.0;
				TARGETED_DEVICE_FAMILY = "1,2";
			};
			name = Debug;
		};
		A06B58AC29BA34C100932F2F /* Release */ = {
			isa = XCBuildConfiguration;
			buildSettings = {
				ASSETCATALOG_COMPILER_APPICON_NAME = AppIcon;
				ASSETCATALOG_COMPILER_GLOBAL_ACCENT_COLOR_NAME = AccentColor;
				CODE_SIGN_ENTITLEMENTS = WeSplit/WeSplit.entitlements;
				CODE_SIGN_STYLE = Automatic;
				CURRENT_PROJECT_VERSION = 1;
				DEVELOPMENT_ASSET_PATHS = "\"WeSplit/Preview Content\"";
				DEVELOPMENT_TEAM = XTYT46W6B7;
				ENABLE_HARDENED_RUNTIME = YES;
				ENABLE_PREVIEWS = YES;
				GENERATE_INFOPLIST_FILE = YES;
				"INFOPLIST_KEY_UIApplicationSceneManifest_Generation[sdk=iphoneos*]" = YES;
				"INFOPLIST_KEY_UIApplicationSceneManifest_Generation[sdk=iphonesimulator*]" = YES;
				"INFOPLIST_KEY_UIApplicationSupportsIndirectInputEvents[sdk=iphoneos*]" = YES;
				"INFOPLIST_KEY_UIApplicationSupportsIndirectInputEvents[sdk=iphonesimulator*]" = YES;
				"INFOPLIST_KEY_UILaunchScreen_Generation[sdk=iphoneos*]" = YES;
				"INFOPLIST_KEY_UILaunchScreen_Generation[sdk=iphonesimulator*]" = YES;
				"INFOPLIST_KEY_UIStatusBarStyle[sdk=iphoneos*]" = UIStatusBarStyleDefault;
				"INFOPLIST_KEY_UIStatusBarStyle[sdk=iphonesimulator*]" = UIStatusBarStyleDefault;
				INFOPLIST_KEY_UISupportedInterfaceOrientations_iPad = "UIInterfaceOrientationPortrait UIInterfaceOrientationPortraitUpsideDown UIInterfaceOrientationLandscapeLeft UIInterfaceOrientationLandscapeRight";
				INFOPLIST_KEY_UISupportedInterfaceOrientations_iPhone = "UIInterfaceOrientationPortrait UIInterfaceOrientationLandscapeLeft UIInterfaceOrientationLandscapeRight";
				IPHONEOS_DEPLOYMENT_TARGET = 16.2;
				LD_RUNPATH_SEARCH_PATHS = "@executable_path/Frameworks";
				"LD_RUNPATH_SEARCH_PATHS[sdk=macosx*]" = "@executable_path/../Frameworks";
				MACOSX_DEPLOYMENT_TARGET = 13.1;
				MARKETING_VERSION = 1.0;
				PRODUCT_BUNDLE_IDENTIFIER = com.example.WeSplit;
				PRODUCT_NAME = "$(TARGET_NAME)";
				SDKROOT = auto;
				SUPPORTED_PLATFORMS = "iphoneos iphonesimulator macosx";
				SWIFT_EMIT_LOC_STRINGS = YES;
				SWIFT_VERSION = 5.0;
				TARGETED_DEVICE_FAMILY = "1,2";
			};
			name = Release;
		};
/* End XCBuildConfiguration section */

/* Begin XCConfigurationList section */
		A06B589629BA34C000932F2F /* Build configuration list for PBXProject "WeSplit" */ = {
			isa = XCConfigurationList;
			buildConfigurations = (
				A06B58A829BA34C100932F2F /* Debug */,
				A06B58A929BA34C100932F2F /* Release */,
			);
			defaultConfigurationIsVisible = 0;
			defaultConfigurationName = Release;
		};
		A06B58AA29BA34C100932F2F /* Build configuration list for PBXNativeTarget "WeSplit" */ = {
			isa = XCConfigurationList;
			buildConfigurations = (
				A06B58AB29BA34C100932F2F /* Debug */,
				A06B58AC29BA34C100932F2F /* Release */,
			);
			defaultConfigurationIsVisible = 0;
			defaultConfigurationName = Release;
		};
/* End XCConfigurationList section */
	};
	rootObject = A06B589329BA34C000932F2F /* Project object */;
}
